# This file is automatically generated by cargo-component.
# It is not intended for manual editing.
version = 1

[[package]]
name = "wavs:worker"

[[package.version]]
requirement = "^0.6.0-alpha.2"
version = "0.6.0-alpha.2"
digest = "sha256:7111a4111ef9c19d26e5231774e0989bcb46a2e490bb69589682e1ced0d00152"
