{
  "name": "wavs-tools",
  "version": "1.0.0",
  "lockfileVersion": 3,
  "requires": true,
  "packages": {
    "": {
      "name": "wavs-tools",
      "version": "1.0.0",
      "license": "MIT",
      "dependencies": {
        "@wavs/solidity": "^0.4.0-rc"
      }
    },
    "node_modules/@wavs/solidity": {
      "version": "0.4.0-rc",
      "resolved": "https://registry.npmjs.org/@wavs/solidity/-/solidity-0.4.0-rc.tgz",
      "integrity": "sha512-M0QHhiVMCRcv+FLNyTsVlK89w9nEs7dbGOTG554D88wiWDkDKmJ0piZ75BRO4F8rzz6TR3sxTREMKglzXqfdoA==",
      "license": "MIT"
    }
  }
}
