{
  "name": "wavs-tools",
  "version": "1.0.0",
  "lockfileVersion": 3,
  "requires": true,
  "packages": {
    "": {
      "name": "wavs-tools",
      "version": "1.0.0",
      "license": "MIT",
      "dependencies": {
        "@wavs/solidity": "git+https://github.com/Lay3rLabs/wavs-middleware"
      }
    },
    "node_modules/@wavs/solidity": {
      "version": "0.4.0-beta.1",
      "resolved": "git+ssh://git@github.com/Lay3rLabs/wavs-middleware.git#0f1fb54685555bcbc2343f549517a9cba293d1f8",
      "license": "MIT"
    }
  }
}
